
Microsoft Visual Studio Solution File, Format Version 12.00
# Visual Studio Version 16
VisualStudioVersion = 16.0.32929.386
MinimumVisualStudioVersion = 10.0.40219.1
Project("{FAE04EC0-301F-11D3-BF4B-00C04F79EFBC}") = "SignlR Smart", "SignlR Smart\SignlR Smart.csproj", "{877EFB2C-A9EF-493B-B1F1-AB8A215C42EE}"
EndProject
Global
	GlobalSection(SolutionConfigurationPlatforms) = preSolution
		Debug|Any CPU = Debug|Any CPU
		Release|Any CPU = Release|Any CPU
	EndGlobalSection
	GlobalSection(ProjectConfigurationPlatforms) = postSolution
		{877EFB2C-A9EF-493B-B1F1-AB8A215C42EE}.Debug|Any CPU.ActiveCfg = Debug|Any CPU
		{877EFB2C-A9EF-493B-B1F1-AB8A215C42EE}.Debug|Any CPU.Build.0 = Debug|Any CPU
		{877EFB2C-A9EF-493B-B1F1-AB8A215C42EE}.Release|Any CPU.ActiveCfg = Release|Any CPU
		{877EFB2C-A9EF-493B-B1F1-AB8A215C42EE}.Release|Any CPU.Build.0 = Release|Any CPU
	EndGlobalSection
	GlobalSection(SolutionProperties) = preSolution
		HideSolutionNode = FALSE
	EndGlobalSection
	GlobalSection(ExtensibilityGlobals) = postSolution
		SolutionGuid = {DFD0D53F-F42B-46EF-AC65-1D1779135043}
	EndGlobalSection
EndGlobal
